
Microsoft Visual Studio Solution File, Format Version 12.00
# Visual Studio Version 17
VisualStudioVersion = 17.5.33424.131
MinimumVisualStudioVersion = 10.0.40219.1
Project("{9A19103F-16F7-4668-BE54-9A1E7A4F7556}") = "EmployeeManagment.Models", "EmployeeManagment.Models\EmployeeManagment.Models.csproj", "{06D694E3-427B-4CEF-A6B4-BB113C2A53D4}"
EndProject
Project("{9A19103F-16F7-4668-BE54-9A1E7A4F7556}") = "EmployeeManagment.Blazor", "EmployeeManagment.Blazor\EmployeeManagment.Blazor.csproj", "{3A842B05-10F6-48FC-9816-B2D38161F087}"
EndProject
Project("{9A19103F-16F7-4668-BE54-9A1E7A4F7556}") = "EmployeeManagment.Api", "EmployeeManagment.Api\EmployeeManagment.Api.csproj", "{892EAAC4-A0D9-4346-9D3F-C210637367DB}"
EndProject
Project("{FAE04EC0-301F-11D3-BF4B-00C04F79EFBC}") = "EmployeeManagment-BussinesLayout-Api", "EmployeeManagment-DataAccess-Api\EmployeeManagment-BussinesLayout-Api.csproj", "{30F14F2A-B382-4B59-B606-EE9A3C6DCD57}"
EndProject
Global
	GlobalSection(SolutionConfigurationPlatforms) = preSolution
		Debug|Any CPU = Debug|Any CPU
		Release|Any CPU = Release|Any CPU
	EndGlobalSection
	GlobalSection(ProjectConfigurationPlatforms) = postSolution
		{06D694E3-427B-4CEF-A6B4-BB113C2A53D4}.Debug|Any CPU.ActiveCfg = Debug|Any CPU
		{06D694E3-427B-4CEF-A6B4-BB113C2A53D4}.Debug|Any CPU.Build.0 = Debug|Any CPU
		{06D694E3-427B-4CEF-A6B4-BB113C2A53D4}.Release|Any CPU.ActiveCfg = Release|Any CPU
		{06D694E3-427B-4CEF-A6B4-BB113C2A53D4}.Release|Any CPU.Build.0 = Release|Any CPU
		{3A842B05-10F6-48FC-9816-B2D38161F087}.Debug|Any CPU.ActiveCfg = Debug|Any CPU
		{3A842B05-10F6-48FC-9816-B2D38161F087}.Debug|Any CPU.Build.0 = Debug|Any CPU
		{3A842B05-10F6-48FC-9816-B2D38161F087}.Release|Any CPU.ActiveCfg = Release|Any CPU
		{3A842B05-10F6-48FC-9816-B2D38161F087}.Release|Any CPU.Build.0 = Release|Any CPU
		{892EAAC4-A0D9-4346-9D3F-C210637367DB}.Debug|Any CPU.ActiveCfg = Debug|Any CPU
		{892EAAC4-A0D9-4346-9D3F-C210637367DB}.Debug|Any CPU.Build.0 = Debug|Any CPU
		{892EAAC4-A0D9-4346-9D3F-C210637367DB}.Release|Any CPU.ActiveCfg = Release|Any CPU
		{892EAAC4-A0D9-4346-9D3F-C210637367DB}.Release|Any CPU.Build.0 = Release|Any CPU
		{30F14F2A-B382-4B59-B606-EE9A3C6DCD57}.Debug|Any CPU.ActiveCfg = Debug|Any CPU
		{30F14F2A-B382-4B59-B606-EE9A3C6DCD57}.Debug|Any CPU.Build.0 = Debug|Any CPU
		{30F14F2A-B382-4B59-B606-EE9A3C6DCD57}.Release|Any CPU.ActiveCfg = Release|Any CPU
		{30F14F2A-B382-4B59-B606-EE9A3C6DCD57}.Release|Any CPU.Build.0 = Release|Any CPU
	EndGlobalSection
	GlobalSection(SolutionProperties) = preSolution
		HideSolutionNode = FALSE
	EndGlobalSection
	GlobalSection(ExtensibilityGlobals) = postSolution
		SolutionGuid = {F97935E1-2FE4-4AB5-AA30-39B4F31EDE5B}
	EndGlobalSection
EndGlobal
